
Microsoft Visual Studio Solution File, Format Version 12.00
# Visual Studio 15
VisualStudioVersion = 15.0.26430.6
MinimumVisualStudioVersion = 10.0.40219.1
Project("{2150E333-8FDC-42A3-9474-1A3956D46DE8}") = "src", "src", "{91073BF1-187C-420D-ACE1-40D705F2318B}"
EndProject
Project("{2150E333-8FDC-42A3-9474-1A3956D46DE8}") = "Solution Items", "Solution Items", "{18CDAE95-DCE8-4F5D-B40C-04ADDF55865D}"
	ProjectSection(SolutionItems) = preProject
		appveyor.cmd = appveyor.cmd
		appveyor.yml = appveyor.yml
		global.json = global.json
		nuget.config = nuget.config
	EndProjectSection
EndProject
Project("{9A19103F-16F7-4668-BE54-9A1E7A4F7556}") = "AppSyndication.Shared.Models", "src\AppSyndication.Shared.Models\AppSyndication.Shared.Models.csproj", "{0385AABB-8499-490D-A513-8EC212099B04}"
EndProject
Global
	GlobalSection(SolutionConfigurationPlatforms) = preSolution
		Debug|Any CPU = Debug|Any CPU
		Release|Any CPU = Release|Any CPU
	EndGlobalSection
	GlobalSection(ProjectConfigurationPlatforms) = postSolution
		{0385AABB-8499-490D-A513-8EC212099B04}.Debug|Any CPU.ActiveCfg = Debug|Any CPU
		{0385AABB-8499-490D-A513-8EC212099B04}.Debug|Any CPU.Build.0 = Debug|Any CPU
		{0385AABB-8499-490D-A513-8EC212099B04}.Release|Any CPU.ActiveCfg = Release|Any CPU
		{0385AABB-8499-490D-A513-8EC212099B04}.Release|Any CPU.Build.0 = Release|Any CPU
	EndGlobalSection
	GlobalSection(SolutionProperties) = preSolution
		HideSolutionNode = FALSE
	EndGlobalSection
	GlobalSection(NestedProjects) = preSolution
		{0385AABB-8499-490D-A513-8EC212099B04} = {91073BF1-187C-420D-ACE1-40D705F2318B}
	EndGlobalSection
EndGlobal
